
Microsoft Visual Studio Solution File, Format Version 12.00
# Visual Studio 15
VisualStudioVersion = 15.0.28307.102
MinimumVisualStudioVersion = 10.0.40219.1
Project("{FAE04EC0-301F-11D3-BF4B-00C04F79EFBC}") = "SMARTHelpdeskPC", "SMARTHelpdeskPC\SMARTHelpdeskPC.csproj", "{4FED647E-B22C-41C2-9485-C01A5172FC75}"
EndProject
Project("{2150E333-8FDC-42A3-9474-1A3956D46DE8}") = "Solution Items", "Solution Items", "{E3A30B32-08A0-43DA-9F59-3CA023E69170}"
	ProjectSection(SolutionItems) = preProject
		DLL\Common.SecurityManager.BLL.dll = DLL\Common.SecurityManager.BLL.dll
		DLL\Common.SecurityManager.DAL.dll = DLL\Common.SecurityManager.DAL.dll
		DLL\Common.SecurityManager.Entities.dll = DLL\Common.SecurityManager.Entities.dll
		DLL\Enterprise.Base.Entities.dll = DLL\Enterprise.Base.Entities.dll
		DLL\Enterprise.Database.dll = DLL\Enterprise.Database.dll
		DLL\Enterprise.HelperCSharp.dll = DLL\Enterprise.HelperCSharp.dll
		DLL\Enterprise.HelperVB.dll = DLL\Enterprise.HelperVB.dll
		DLL\Enterprise.Message.dll = DLL\Enterprise.Message.dll
		DLL\EnterpriseGUI.dll = DLL\EnterpriseGUI.dll
	EndProjectSection
EndProject
Global
	GlobalSection(SolutionConfigurationPlatforms) = preSolution
		Debug|Any CPU = Debug|Any CPU
		Release|Any CPU = Release|Any CPU
	EndGlobalSection
	GlobalSection(ProjectConfigurationPlatforms) = postSolution
		{4FED647E-B22C-41C2-9485-C01A5172FC75}.Debug|Any CPU.ActiveCfg = Debug|Any CPU
		{4FED647E-B22C-41C2-9485-C01A5172FC75}.Debug|Any CPU.Build.0 = Debug|Any CPU
		{4FED647E-B22C-41C2-9485-C01A5172FC75}.Release|Any CPU.ActiveCfg = Release|Any CPU
		{4FED647E-B22C-41C2-9485-C01A5172FC75}.Release|Any CPU.Build.0 = Release|Any CPU
	EndGlobalSection
	GlobalSection(SolutionProperties) = preSolution
		HideSolutionNode = FALSE
	EndGlobalSection
	GlobalSection(ExtensibilityGlobals) = postSolution
		SolutionGuid = {8E74900F-C6EF-4574-B856-844209B8F637}
	EndGlobalSection
EndGlobal
